
Microsoft Visual Studio Solution File, Format Version 12.00
# Visual Studio Version 17
VisualStudioVersion = 17.10.35013.160
MinimumVisualStudioVersion = 10.0.40219.1
Project("{FAE04EC0-301F-11D3-BF4B-00C04F79EFBC}") = "MarketData.API", "MarketData.API\MarketData.API.csproj", "{4A0F587C-B2A2-4FCA-A2F7-179170B70B75}"
EndProject
Global
	GlobalSection(SolutionConfigurationPlatforms) = preSolution
		Debug|Any CPU = Debug|Any CPU
		Release|Any CPU = Release|Any CPU
	EndGlobalSection
	GlobalSection(ProjectConfigurationPlatforms) = postSolution
		{4A0F587C-B2A2-4FCA-A2F7-179170B70B75}.Debug|Any CPU.ActiveCfg = Debug|Any CPU
		{4A0F587C-B2A2-4FCA-A2F7-179170B70B75}.Debug|Any CPU.Build.0 = Debug|Any CPU
		{4A0F587C-B2A2-4FCA-A2F7-179170B70B75}.Release|Any CPU.ActiveCfg = Release|Any CPU
		{4A0F587C-B2A2-4FCA-A2F7-179170B70B75}.Release|Any CPU.Build.0 = Release|Any CPU
	EndGlobalSection
	GlobalSection(SolutionProperties) = preSolution
		HideSolutionNode = FALSE
	EndGlobalSection
	GlobalSection(ExtensibilityGlobals) = postSolution
		SolutionGuid = {3891EBB0-19F9-464B-93DE-DF43CDF39E09}
	EndGlobalSection
EndGlobal
